
Microsoft Visual Studio Solution File, Format Version 12.00
# Visual Studio Version 17
VisualStudioVersion = 17.0.31903.59
MinimumVisualStudioVersion = 10.0.40219.1
Project("{FAE04EC0-301F-11D3-BF4B-00C04F79EFBC}") = "SRT.Complaint", "SRT.Complaint\SRT.Complaint.csproj", "{826D2ED4-BA6F-4374-8587-12C537841CFC}"
EndProject
Global
	GlobalSection(SolutionConfigurationPlatforms) = preSolution
		Debug|Any CPU = Debug|Any CPU
		Debug|x64 = Debug|x64
		Debug|x86 = Debug|x86
		Release|Any CPU = Release|Any CPU
		Release|x64 = Release|x64
		Release|x86 = Release|x86
	EndGlobalSection
	GlobalSection(ProjectConfigurationPlatforms) = postSolution
		{826D2ED4-BA6F-4374-8587-12C537841CFC}.Debug|Any CPU.ActiveCfg = Debug|Any CPU
		{826D2ED4-BA6F-4374-8587-12C537841CFC}.Debug|Any CPU.Build.0 = Debug|Any CPU
		{826D2ED4-BA6F-4374-8587-12C537841CFC}.Debug|x64.ActiveCfg = Debug|Any CPU
		{826D2ED4-BA6F-4374-8587-12C537841CFC}.Debug|x64.Build.0 = Debug|Any CPU
		{826D2ED4-BA6F-4374-8587-12C537841CFC}.Debug|x86.ActiveCfg = Debug|Any CPU
		{826D2ED4-BA6F-4374-8587-12C537841CFC}.Debug|x86.Build.0 = Debug|Any CPU
		{826D2ED4-BA6F-4374-8587-12C537841CFC}.Release|Any CPU.ActiveCfg = Release|Any CPU
		{826D2ED4-BA6F-4374-8587-12C537841CFC}.Release|Any CPU.Build.0 = Release|Any CPU
		{826D2ED4-BA6F-4374-8587-12C537841CFC}.Release|x64.ActiveCfg = Release|Any CPU
		{826D2ED4-BA6F-4374-8587-12C537841CFC}.Release|x64.Build.0 = Release|Any CPU
		{826D2ED4-BA6F-4374-8587-12C537841CFC}.Release|x86.ActiveCfg = Release|Any CPU
		{826D2ED4-BA6F-4374-8587-12C537841CFC}.Release|x86.Build.0 = Release|Any CPU
	EndGlobalSection
	GlobalSection(SolutionProperties) = preSolution
		HideSolutionNode = FALSE
	EndGlobalSection
EndGlobal
